
Microsoft Visual Studio Solution File, Format Version 12.00
# Visual Studio Version 17
VisualStudioVersion = 17.4.33122.133
MinimumVisualStudioVersion = 10.0.40219.1
Project("{FAE04EC0-301F-11D3-BF4B-00C04F79EFBC}") = "AFSLogging", "AFSLogging\AFSLogging.csproj", "{D086CF18-5614-4D24-8843-F28A7FBF2D02}"
EndProject
Global
	GlobalSection(SolutionConfigurationPlatforms) = preSolution
		Debug|Any CPU = Debug|Any CPU
		Release|Any CPU = Release|Any CPU
	EndGlobalSection
	GlobalSection(ProjectConfigurationPlatforms) = postSolution
		{D086CF18-5614-4D24-8843-F28A7FBF2D02}.Debug|Any CPU.ActiveCfg = Debug|Any CPU
		{D086CF18-5614-4D24-8843-F28A7FBF2D02}.Debug|Any CPU.Build.0 = Debug|Any CPU
		{D086CF18-5614-4D24-8843-F28A7FBF2D02}.Release|Any CPU.ActiveCfg = Release|Any CPU
		{D086CF18-5614-4D24-8843-F28A7FBF2D02}.Release|Any CPU.Build.0 = Release|Any CPU
	EndGlobalSection
	GlobalSection(SolutionProperties) = preSolution
		HideSolutionNode = FALSE
	EndGlobalSection
	GlobalSection(ExtensibilityGlobals) = postSolution
		SolutionGuid = {CCEE3B60-CF5A-4542-87D4-391602D614F9}
	EndGlobalSection
EndGlobal
